
Microsoft Visual Studio Solution File, Format Version 12.00
# Visual Studio Version 16
VisualStudioVersion = 16.0.29215.179
MinimumVisualStudioVersion = 10.0.40219.1
Project("{FAE04EC0-301F-11D3-BF4B-00C04F79EFBC}") = "ProjetoInterfaces", "ProjetoInterfaces\ProjetoInterfaces.csproj", "{E7DB4ACD-A3DF-4F46-8063-540217D4209D}"
EndProject
Global
	GlobalSection(SolutionConfigurationPlatforms) = preSolution
		Debug|Any CPU = Debug|Any CPU
		Release|Any CPU = Release|Any CPU
	EndGlobalSection
	GlobalSection(ProjectConfigurationPlatforms) = postSolution
		{E7DB4ACD-A3DF-4F46-8063-540217D4209D}.Debug|Any CPU.ActiveCfg = Debug|Any CPU
		{E7DB4ACD-A3DF-4F46-8063-540217D4209D}.Debug|Any CPU.Build.0 = Debug|Any CPU
		{E7DB4ACD-A3DF-4F46-8063-540217D4209D}.Release|Any CPU.ActiveCfg = Release|Any CPU
		{E7DB4ACD-A3DF-4F46-8063-540217D4209D}.Release|Any CPU.Build.0 = Release|Any CPU
	EndGlobalSection
	GlobalSection(SolutionProperties) = preSolution
		HideSolutionNode = FALSE
	EndGlobalSection
	GlobalSection(ExtensibilityGlobals) = postSolution
		SolutionGuid = {40D887E6-3A9D-4AAD-A2C5-9FB80AD66909}
	EndGlobalSection
EndGlobal
